// !$*UTF8*$!
{
	archiveVersion = 1;
	classes = {
	};
	objectVersion = 51;
	objects = {

/* Begin PBXBuildFile section */
		496293536A0C7DAF84AF7552 /* Pods_TODOArt.framework in Frameworks */ = {isa = PBXBuildFile; fileRef = 432CBE53FF8281702CA55422 /* Pods_TODOArt.framework */; };
		DD0066C528A6E7C300263AFF /* CategoryViewController.swift in Sources */ = {isa = PBXBuildFile; fileRef = DD0066C428A6E7C300263AFF /* CategoryViewController.swift */; };
		DD11783528AF94BE000EBE49 /* Category.swift in Sources */ = {isa = PBXBuildFile; fileRef = DD11783428AF94BE000EBE49 /* Category.swift */; };
		DD11783728AF94CA000EBE49 /* Item.swift in Sources */ = {isa = PBXBuildFile; fileRef = DD11783628AF94CA000EBE49 /* Item.swift */; };
		DD3C888028BF97CB004E4B6F /* SwipeTableViewController.swift in Sources */ = {isa = PBXBuildFile; fileRef = DD3C887F28BF97CB004E4B6F /* SwipeTableViewController.swift */; };
		DD50977827C3B82A00677078 /* AppDelegate.swift in Sources */ = {isa = PBXBuildFile; fileRef = DD50977727C3B82A00677078 /* AppDelegate.swift */; };
		DD50977A27C3B82A00677078 /* SceneDelegate.swift in Sources */ = {isa = PBXBuildFile; fileRef = DD50977927C3B82A00677078 /* SceneDelegate.swift */; };
		DD50977C27C3B82A00677078 /* ToDoListViewController.swift in Sources */ = {isa = PBXBuildFile; fileRef = DD50977B27C3B82A00677078 /* ToDoListViewController.swift */; };
		DD50977F27C3B82A00677078 /* Main.storyboard in Resources */ = {isa = PBXBuildFile; fileRef = DD50977D27C3B82A00677078 /* Main.storyboard */; };
		DD50978127C3B82B00677078 /* Assets.xcassets in Resources */ = {isa = PBXBuildFile; fileRef = DD50978027C3B82B00677078 /* Assets.xcassets */; };
		DD50978427C3B82B00677078 /* LaunchScreen.storyboard in Resources */ = {isa = PBXBuildFile; fileRef = DD50978227C3B82B00677078 /* LaunchScreen.storyboard */; };
/* End PBXBuildFile section */

/* Begin PBXFileReference section */
		432CBE53FF8281702CA55422 /* Pods_TODOArt.framework */ = {isa = PBXFileReference; explicitFileType = wrapper.framework; includeInIndex = 0; path = Pods_TODOArt.framework; sourceTree = BUILT_PRODUCTS_DIR; };
		CFA53F402360411D50A4BAD2 /* Pods-TODOArt.release.xcconfig */ = {isa = PBXFileReference; includeInIndex = 1; lastKnownFileType = text.xcconfig; name = "Pods-TODOArt.release.xcconfig"; path = "Target Support Files/Pods-TODOArt/Pods-TODOArt.release.xcconfig"; sourceTree = "<group>"; };
		DD0066C428A6E7C300263AFF /* CategoryViewController.swift */ = {isa = PBXFileReference; lastKnownFileType = sourcecode.swift; path = CategoryViewController.swift; sourceTree = "<group>"; };
		DD11783428AF94BE000EBE49 /* Category.swift */ = {isa = PBXFileReference; lastKnownFileType = sourcecode.swift; path = Category.swift; sourceTree = "<group>"; };
		DD11783628AF94CA000EBE49 /* Item.swift */ = {isa = PBXFileReference; lastKnownFileType = sourcecode.swift; path = Item.swift; sourceTree = "<group>"; };
		DD3C887F28BF97CB004E4B6F /* SwipeTableViewController.swift */ = {isa = PBXFileReference; lastKnownFileType = sourcecode.swift; path = SwipeTableViewController.swift; sourceTree = "<group>"; };
		DD50977427C3B82A00677078 /* TODOArt.app */ = {isa = PBXFileReference; explicitFileType = wrapper.application; includeInIndex = 0; path = TODOArt.app; sourceTree = BUILT_PRODUCTS_DIR; };
		DD50977727C3B82A00677078 /* AppDelegate.swift */ = {isa = PBXFileReference; lastKnownFileType = sourcecode.swift; path = AppDelegate.swift; sourceTree = "<group>"; };
		DD50977927C3B82A00677078 /* SceneDelegate.swift */ = {isa = PBXFileReference; lastKnownFileType = sourcecode.swift; path = SceneDelegate.swift; sourceTree = "<group>"; };
		DD50977B27C3B82A00677078 /* ToDoListViewController.swift */ = {isa = PBXFileReference; lastKnownFileType = sourcecode.swift; path = ToDoListViewController.swift; sourceTree = "<group>"; };
		DD50977E27C3B82A00677078 /* Base */ = {isa = PBXFileReference; lastKnownFileType = file.storyboard; name = Base; path = Base.lproj/Main.storyboard; sourceTree = "<group>"; };
		DD50978027C3B82B00677078 /* Assets.xcassets */ = {isa = PBXFileReference; lastKnownFileType = folder.assetcatalog; path = Assets.xcassets; sourceTree = "<group>"; };
		DD50978327C3B82B00677078 /* Base */ = {isa = PBXFileReference; lastKnownFileType = file.storyboard; name = Base; path = Base.lproj/LaunchScreen.storyboard; sourceTree = "<group>"; };
		DD50978527C3B82B00677078 /* Info.plist */ = {isa = PBXFileReference; lastKnownFileType = text.plist.xml; path = Info.plist; sourceTree = "<group>"; };
		F02C0657BE2D131D87EFA98D /* Pods-TODOArt.debug.xcconfig */ = {isa = PBXFileReference; includeInIndex = 1; lastKnownFileType = text.xcconfig; name = "Pods-TODOArt.debug.xcconfig"; path = "Target Support Files/Pods-TODOArt/Pods-TODOArt.debug.xcconfig"; sourceTree = "<group>"; };
/* End PBXFileReference section */

/* Begin PBXFrameworksBuildPhase section */
		DD50977127C3B82A00677078 /* Frameworks */ = {
			isa = PBXFrameworksBuildPhase;
			buildActionMask = 2147483647;
			files = (
				496293536A0C7DAF84AF7552 /* Pods_TODOArt.framework in Frameworks */,
			);
			runOnlyForDeploymentPostprocessing = 0;
		};
/* End PBXFrameworksBuildPhase section */

/* Begin PBXGroup section */
		1DAE1DE14CB6AABC43A032FB /* Frameworks */ = {
			isa = PBXGroup;
			children = (
				432CBE53FF8281702CA55422 /* Pods_TODOArt.framework */,
			);
			name = Frameworks;
			sourceTree = "<group>";
		};
		D7B324A5268926D568FC5DB9 /* Pods */ = {
			isa = PBXGroup;
			children = (
				F02C0657BE2D131D87EFA98D /* Pods-TODOArt.debug.xcconfig */,
				CFA53F402360411D50A4BAD2 /* Pods-TODOArt.release.xcconfig */,
			);
			path = Pods;
			sourceTree = "<group>";
		};
		DD50976B27C3B82A00677078 = {
			isa = PBXGroup;
			children = (
				DD50977627C3B82A00677078 /* TODOArt */,
				DD50977527C3B82A00677078 /* Products */,
				D7B324A5268926D568FC5DB9 /* Pods */,
				1DAE1DE14CB6AABC43A032FB /* Frameworks */,
			);
			sourceTree = "<group>";
		};
		DD50977527C3B82A00677078 /* Products */ = {
			isa = PBXGroup;
			children = (
				DD50977427C3B82A00677078 /* TODOArt.app */,
			);
			name = Products;
			sourceTree = "<group>";
		};
		DD50977627C3B82A00677078 /* TODOArt */ = {
			isa = PBXGroup;
			children = (
				DD50977727C3B82A00677078 /* AppDelegate.swift */,
				DD50977927C3B82A00677078 /* SceneDelegate.swift */,
				DD67221F289D1D9A00FEEFC4 /* Controllers */,
				DD67221E289D1D6A00FEEFC4 /* Data Model */,
				DD672220289D1DB800FEEFC4 /* Views */,
				DD672221289D1DF500FEEFC4 /* Supporting Files */,
				DD50978527C3B82B00677078 /* Info.plist */,
			);
			path = TODOArt;
			sourceTree = "<group>";
		};
		DD67221E289D1D6A00FEEFC4 /* Data Model */ = {
			isa = PBXGroup;
			children = (
				DD11783428AF94BE000EBE49 /* Category.swift */,
				DD11783628AF94CA000EBE49 /* Item.swift */,
			);
			path = "Data Model";
			sourceTree = "<group>";
		};
		DD67221F289D1D9A00FEEFC4 /* Controllers */ = {
			isa = PBXGroup;
			children = (
				DD0066C428A6E7C300263AFF /* CategoryViewController.swift */,
				DD50977B27C3B82A00677078 /* ToDoListViewController.swift */,
				DD3C887F28BF97CB004E4B6F /* SwipeTableViewController.swift */,
			);
			path = Controllers;
			sourceTree = "<group>";
		};
		DD672220289D1DB800FEEFC4 /* Views */ = {
			isa = PBXGroup;
			children = (
				DD50977D27C3B82A00677078 /* Main.storyboard */,
			);
			path = Views;
			sourceTree = "<group>";
		};
		DD672221289D1DF500FEEFC4 /* Supporting Files */ = {
			isa = PBXGroup;
			children = (
				DD50978027C3B82B00677078 /* Assets.xcassets */,
				DD50978227C3B82B00677078 /* LaunchScreen.storyboard */,
			);
			path = "Supporting Files";
			sourceTree = "<group>";
		};
/* End PBXGroup section */

/* Begin PBXNativeTarget section */
		DD50977327C3B82A00677078 /* TODOArt */ = {
			isa = PBXNativeTarget;
			buildConfigurationList = DD50978827C3B82B00677078 /* Build configuration list for PBXNativeTarget "TODOArt" */;
			buildPhases = (
				4E3B5B939C73ED30CAF682C1 /* [CP] Check Pods Manifest.lock */,
				DD50977027C3B82A00677078 /* Sources */,
				DD50977127C3B82A00677078 /* Frameworks */,
				DD50977227C3B82A00677078 /* Resources */,
				4606C6E5012A78664F59CA09 /* [CP] Embed Pods Frameworks */,
			);
			buildRules = (
			);
			dependencies = (
			);
			name = TODOArt;
			productName = TODOArt;
			productReference = DD50977427C3B82A00677078 /* TODOArt.app */;
			productType = "com.apple.product-type.application";
		};
/* End PBXNativeTarget section */

/* Begin PBXProject section */
		DD50976C27C3B82A00677078 /* Project object */ = {
			isa = PBXProject;
			attributes = {
				LastSwiftUpdateCheck = 1250;
				LastUpgradeCheck = 1250;
				TargetAttributes = {
					DD50977327C3B82A00677078 = {
						CreatedOnToolsVersion = 12.5.1;
					};
				};
			};
			buildConfigurationList = DD50976F27C3B82A00677078 /* Build configuration list for PBXProject "TODOArt" */;
			compatibilityVersion = "Xcode 9.3";
			developmentRegion = en;
			hasScannedForEncodings = 0;
			knownRegions = (
				en,
				Base,
			);
			mainGroup = DD50976B27C3B82A00677078;
			productRefGroup = DD50977527C3B82A00677078 /* Products */;
			projectDirPath = "";
			projectRoot = "";
			targets = (
				DD50977327C3B82A00677078 /* TODOArt */,
			);
		};
/* End PBXProject section */

/* Begin PBXResourcesBuildPhase section */
		DD50977227C3B82A00677078 /* Resources */ = {
			isa = PBXResourcesBuildPhase;
			buildActionMask = 2147483647;
			files = (
				DD50978427C3B82B00677078 /* LaunchScreen.storyboard in Resources */,
				DD50978127C3B82B00677078 /* Assets.xcassets in Resources */,
				DD50977F27C3B82A00677078 /* Main.storyboard in Resources */,
			);
			runOnlyForDeploymentPostprocessing = 0;
		};
/* End PBXResourcesBuildPhase section */

/* Begin PBXShellScriptBuildPhase section */
		4606C6E5012A78664F59CA09 /* [CP] Embed Pods Frameworks */ = {
			isa = PBXShellScriptBuildPhase;
			buildActionMask = 2147483647;
			files = (
			);
			inputFileListPaths = (
				"${PODS_ROOT}/Target Support Files/Pods-TODOArt/Pods-TODOArt-frameworks-${CONFIGURATION}-input-files.xcfilelist",
			);
			name = "[CP] Embed Pods Frameworks";
			outputFileListPaths = (
				"${PODS_ROOT}/Target Support Files/Pods-TODOArt/Pods-TODOArt-frameworks-${CONFIGURATION}-output-files.xcfilelist",
			);
			runOnlyForDeploymentPostprocessing = 0;
			shellPath = /bin/sh;
			shellScript = "\"${PODS_ROOT}/Target Support Files/Pods-TODOArt/Pods-TODOArt-frameworks.sh\"\n";
			showEnvVarsInLog = 0;
		};
		4E3B5B939C73ED30CAF682C1 /* [CP] Check Pods Manifest.lock */ = {
			isa = PBXShellScriptBuildPhase;
			buildActionMask = 2147483647;
			files = (
			);
			inputFileListPaths = (
			);
			inputPaths = (
				"${PODS_PODFILE_DIR_PATH}/Podfile.lock",
				"${PODS_ROOT}/Manifest.lock",
			);
			name = "[CP] Check Pods Manifest.lock";
			outputFileListPaths = (
			);
			outputPaths = (
				"$(DERIVED_FILE_DIR)/Pods-TODOArt-checkManifestLockResult.txt",
			);
			runOnlyForDeploymentPostprocessing = 0;
			shellPath = /bin/sh;
			shellScript = "diff \"${PODS_PODFILE_DIR_PATH}/Podfile.lock\" \"${PODS_ROOT}/Manifest.lock\" > /dev/null\nif [ $? != 0 ] ; then\n    # print error to STDERR\n    echo \"error: The sandbox is not in sync with the Podfile.lock. Run 'pod install' or update your CocoaPods installation.\" >&2\n    exit 1\nfi\n# This output is used by Xcode 'outputs' to avoid re-running this script phase.\necho \"SUCCESS\" > \"${SCRIPT_OUTPUT_FILE_0}\"\n";
			showEnvVarsInLog = 0;
		};
/* End PBXShellScriptBuildPhase section */

/* Begin PBXSourcesBuildPhase section */
		DD50977027C3B82A00677078 /* Sources */ = {
			isa = PBXSourcesBuildPhase;
			buildActionMask = 2147483647;
			files = (
				DD0066C528A6E7C300263AFF /* CategoryViewController.swift in Sources */,
				DD50977C27C3B82A00677078 /* ToDoListViewController.swift in Sources */,
				DD50977827C3B82A00677078 /* AppDelegate.swift in Sources */,
				DD3C888028BF97CB004E4B6F /* SwipeTableViewController.swift in Sources */,
				DD11783728AF94CA000EBE49 /* Item.swift in Sources */,
				DD50977A27C3B82A00677078 /* SceneDelegate.swift in Sources */,
				DD11783528AF94BE000EBE49 /* Category.swift in Sources */,
			);
			runOnlyForDeploymentPostprocessing = 0;
		};
/* End PBXSourcesBuildPhase section */

/* Begin PBXVariantGroup section */
		DD50977D27C3B82A00677078 /* Main.storyboard */ = {
			isa = PBXVariantGroup;
			children = (
				DD50977E27C3B82A00677078 /* Base */,
			);
			name = Main.storyboard;
			sourceTree = "<group>";
		};
		DD50978227C3B82B00677078 /* LaunchScreen.storyboard */ = {
			isa = PBXVariantGroup;
			children = (
				DD50978327C3B82B00677078 /* Base */,
			);
			name = LaunchScreen.storyboard;
			sourceTree = "<group>";
		};
/* End PBXVariantGroup section */

/* Begin XCBuildConfiguration section */
		DD50978627C3B82B00677078 /* Debug */ = {
			isa = XCBuildConfiguration;
			buildSettings = {
				ALWAYS_SEARCH_USER_PATHS = NO;
				CLANG_ANALYZER_NONNULL = YES;
				CLANG_ANALYZER_NUMBER_OBJECT_CONVERSION = YES_AGGRESSIVE;
				CLANG_CXX_LANGUAGE_STANDARD = "gnu++14";
				CLANG_CXX_LIBRARY = "libc++";
				CLANG_ENABLE_MODULES = YES;
				CLANG_ENABLE_OBJC_ARC = YES;
				CLANG_ENABLE_OBJC_WEAK = YES;
				CLANG_WARN_BLOCK_CAPTURE_AUTORELEASING = YES;
				CLANG_WARN_BOOL_CONVERSION = YES;
				CLANG_WARN_COMMA = YES;
				CLANG_WARN_CONSTANT_CONVERSION = YES;
				CLANG_WARN_DEPRECATED_OBJC_IMPLEMENTATIONS = YES;
				CLANG_WARN_DIRECT_OBJC_ISA_USAGE = YES_ERROR;
				CLANG_WARN_DOCUMENTATION_COMMENTS = YES;
				CLANG_WARN_EMPTY_BODY = YES;
				CLANG_WARN_ENUM_CONVERSION = YES;
				CLANG_WARN_INFINITE_RECURSION = YES;
				CLANG_WARN_INT_CONVERSION = YES;
				CLANG_WARN_NON_LITERAL_NULL_CONVERSION = YES;
				CLANG_WARN_OBJC_IMPLICIT_RETAIN_SELF = YES;
				CLANG_WARN_OBJC_LITERAL_CONVERSION = YES;
				CLANG_WARN_OBJC_ROOT_CLASS = YES_ERROR;
				CLANG_WARN_QUOTED_INCLUDE_IN_FRAMEWORK_HEADER = YES;
				CLANG_WARN_RANGE_LOOP_ANALYSIS = YES;
				CLANG_WARN_STRICT_PROTOTYPES = YES;
				CLANG_WARN_SUSPICIOUS_MOVE = YES;
				CLANG_WARN_UNGUARDED_AVAILABILITY = YES_AGGRESSIVE;
				CLANG_WARN_UNREACHABLE_CODE = YES;
				CLANG_WARN__DUPLICATE_METHOD_MATCH = YES;
				COPY_PHASE_STRIP = NO;
				DEBUG_INFORMATION_FORMAT = dwarf;
				ENABLE_STRICT_OBJC_MSGSEND = YES;
				ENABLE_TESTABILITY = YES;
				GCC_C_LANGUAGE_STANDARD = gnu11;
				GCC_DYNAMIC_NO_PIC = NO;
				GCC_NO_COMMON_BLOCKS = YES;
				GCC_OPTIMIZATION_LEVEL = 0;
				GCC_PREPROCESSOR_DEFINITIONS = (
					"DEBUG=1",
					"$(inherited)",
				);
				GCC_WARN_64_TO_32_BIT_CONVERSION = YES;
				GCC_WARN_ABOUT_RETURN_TYPE = YES_ERROR;
				GCC_WARN_UNDECLARED_SELECTOR = YES;
				GCC_WARN_UNINITIALIZED_AUTOS = YES_AGGRESSIVE;
				GCC_WARN_UNUSED_FUNCTION = YES;
				GCC_WARN_UNUSED_VARIABLE = YES;
				IPHONEOS_DEPLOYMENT_TARGET = 13.0;
				MTL_ENABLE_DEBUG_INFO = INCLUDE_SOURCE;
				MTL_FAST_MATH = YES;
				ONLY_ACTIVE_ARCH = YES;
				SDKROOT = iphoneos;
				SWIFT_ACTIVE_COMPILATION_CONDITIONS = DEBUG;
				SWIFT_OPTIMIZATION_LEVEL = "-Onone";
			};
			name = Debug;
		};
		DD50978727C3B82B00677078 /* Release */ = {
			isa = XCBuildConfiguration;
			buildSettings = {
				ALWAYS_SEARCH_USER_PATHS = NO;
				CLANG_ANALYZER_NONNULL = YES;
				CLANG_ANALYZER_NUMBER_OBJECT_CONVERSION = YES_AGGRESSIVE;
				CLANG_CXX_LANGUAGE_STANDARD = "gnu++14";
				CLANG_CXX_LIBRARY = "libc++";
				CLANG_ENABLE_MODULES = YES;
				CLANG_ENABLE_OBJC_ARC = YES;
				CLANG_ENABLE_OBJC_WEAK = YES;
				CLANG_WARN_BLOCK_CAPTURE_AUTORELEASING = YES;
				CLANG_WARN_BOOL_CONVERSION = YES;
				CLANG_WARN_COMMA = YES;
				CLANG_WARN_CONSTANT_CONVERSION = YES;
				CLANG_WARN_DEPRECATED_OBJC_IMPLEMENTATIONS = YES;
				CLANG_WARN_DIRECT_OBJC_ISA_USAGE = YES_ERROR;
				CLANG_WARN_DOCUMENTATION_COMMENTS = YES;
				CLANG_WARN_EMPTY_BODY = YES;
				CLANG_WARN_ENUM_CONVERSION = YES;
				CLANG_WARN_INFINITE_RECURSION = YES;
				CLANG_WARN_INT_CONVERSION = YES;
				CLANG_WARN_NON_LITERAL_NULL_CONVERSION = YES;
				CLANG_WARN_OBJC_IMPLICIT_RETAIN_SELF = YES;
				CLANG_WARN_OBJC_LITERAL_CONVERSION = YES;
				CLANG_WARN_OBJC_ROOT_CLASS = YES_ERROR;
				CLANG_WARN_QUOTED_INCLUDE_IN_FRAMEWORK_HEADER = YES;
				CLANG_WARN_RANGE_LOOP_ANALYSIS = YES;
				CLANG_WARN_STRICT_PROTOTYPES = YES;
				CLANG_WARN_SUSPICIOUS_MOVE = YES;
				CLANG_WARN_UNGUARDED_AVAILABILITY = YES_AGGRESSIVE;
				CLANG_WARN_UNREACHABLE_CODE = YES;
				CLANG_WARN__DUPLICATE_METHOD_MATCH = YES;
				COPY_PHASE_STRIP = NO;
				DEBUG_INFORMATION_FORMAT = "dwarf-with-dsym";
				ENABLE_NS_ASSERTIONS = NO;
				ENABLE_STRICT_OBJC_MSGSEND = YES;
				GCC_C_LANGUAGE_STANDARD = gnu11;
				GCC_NO_COMMON_BLOCKS = YES;
				GCC_WARN_64_TO_32_BIT_CONVERSION = YES;
				GCC_WARN_ABOUT_RETURN_TYPE = YES_ERROR;
				GCC_WARN_UNDECLARED_SELECTOR = YES;
				GCC_WARN_UNINITIALIZED_AUTOS = YES_AGGRESSIVE;
				GCC_WARN_UNUSED_FUNCTION = YES;
				GCC_WARN_UNUSED_VARIABLE = YES;
				IPHONEOS_DEPLOYMENT_TARGET = 13.0;
				MTL_ENABLE_DEBUG_INFO = NO;
				MTL_FAST_MATH = YES;
				SDKROOT = iphoneos;
				SWIFT_COMPILATION_MODE = wholemodule;
				SWIFT_OPTIMIZATION_LEVEL = "-O";
				VALIDATE_PRODUCT = YES;
			};
			name = Release;
		};
		DD50978927C3B82B00677078 /* Debug */ = {
			isa = XCBuildConfiguration;
			baseConfigurationReference = F02C0657BE2D131D87EFA98D /* Pods-TODOArt.debug.xcconfig */;
			buildSettings = {
				ASSETCATALOG_COMPILER_APPICON_NAME = AppIcon;
				ASSETCATALOG_COMPILER_GLOBAL_ACCENT_COLOR_NAME = AccentColor;
				CODE_SIGN_STYLE = Automatic;
				DEVELOPMENT_TEAM = F5T2KNU2K8;
				INFOPLIST_FILE = TODOArt/Info.plist;
				IPHONEOS_DEPLOYMENT_TARGET = 13.0;
				LD_RUNPATH_SEARCH_PATHS = (
					"$(inherited)",
					"@executable_path/Frameworks",
				);
				PRODUCT_BUNDLE_IDENTIFIER = com.androsenkoartem.TODOArt;
				PRODUCT_NAME = "$(TARGET_NAME)";
				SWIFT_VERSION = 5.0;
				TARGETED_DEVICE_FAMILY = 1;
			};
			name = Debug;
		};
		DD50978A27C3B82B00677078 /* Release */ = {
			isa = XCBuildConfiguration;
			baseConfigurationReference = CFA53F402360411D50A4BAD2 /* Pods-TODOArt.release.xcconfig */;
			buildSettings = {
				ASSETCATALOG_COMPILER_APPICON_NAME = AppIcon;
				ASSETCATALOG_COMPILER_GLOBAL_ACCENT_COLOR_NAME = AccentColor;
				CODE_SIGN_STYLE = Automatic;
				DEVELOPMENT_TEAM = F5T2KNU2K8;
				INFOPLIST_FILE = TODOArt/Info.plist;
				IPHONEOS_DEPLOYMENT_TARGET = 13.0;
				LD_RUNPATH_SEARCH_PATHS = (
					"$(inherited)",
					"@executable_path/Frameworks",
				);
				PRODUCT_BUNDLE_IDENTIFIER = com.androsenkoartem.TODOArt;
				PRODUCT_NAME = "$(TARGET_NAME)";
				SWIFT_VERSION = 5.0;
				TARGETED_DEVICE_FAMILY = 1;
			};
			name = Release;
		};
/* End XCBuildConfiguration section */

/* Begin XCConfigurationList section */
		DD50976F27C3B82A00677078 /* Build configuration list for PBXProject "TODOArt" */ = {
			isa = XCConfigurationList;
			buildConfigurations = (
				DD50978627C3B82B00677078 /* Debug */,
				DD50978727C3B82B00677078 /* Release */,
			);
			defaultConfigurationIsVisible = 0;
			defaultConfigurationName = Release;
		};
		DD50978827C3B82B00677078 /* Build configuration list for PBXNativeTarget "TODOArt" */ = {
			isa = XCConfigurationList;
			buildConfigurations = (
				DD50978927C3B82B00677078 /* Debug */,
				DD50978A27C3B82B00677078 /* Release */,
			);
			defaultConfigurationIsVisible = 0;
			defaultConfigurationName = Release;
		};
/* End XCConfigurationList section */
	};
	rootObject = DD50976C27C3B82A00677078 /* Project object */;
}
