// !$*UTF8*$!
{
	archiveVersion = 1;
	classes = {
	};
	objectVersion = 50;
	objects = {

/* Begin PBXBuildFile section */
		DD0A0EED28A1427000E46E3D /* DataModel.xcdatamodeld in Sources */ = {isa = PBXBuildFile; fileRef = DD0A0EEB28A1427000E46E3D /* DataModel.xcdatamodeld */; };
		DD50977827C3B82A00677078 /* AppDelegate.swift in Sources */ = {isa = PBXBuildFile; fileRef = DD50977727C3B82A00677078 /* AppDelegate.swift */; };
		DD50977A27C3B82A00677078 /* SceneDelegate.swift in Sources */ = {isa = PBXBuildFile; fileRef = DD50977927C3B82A00677078 /* SceneDelegate.swift */; };
		DD50977C27C3B82A00677078 /* ToDoListViewController.swift in Sources */ = {isa = PBXBuildFile; fileRef = DD50977B27C3B82A00677078 /* ToDoListViewController.swift */; };
		DD50977F27C3B82A00677078 /* Main.storyboard in Resources */ = {isa = PBXBuildFile; fileRef = DD50977D27C3B82A00677078 /* Main.storyboard */; };
		DD50978127C3B82B00677078 /* Assets.xcassets in Resources */ = {isa = PBXBuildFile; fileRef = DD50978027C3B82B00677078 /* Assets.xcassets */; };
		DD50978427C3B82B00677078 /* LaunchScreen.storyboard in Resources */ = {isa = PBXBuildFile; fileRef = DD50978227C3B82B00677078 /* LaunchScreen.storyboard */; };
/* End PBXBuildFile section */

/* Begin PBXFileReference section */
		DD0A0EEC28A1427000E46E3D /* DataModel.xcdatamodel */ = {isa = PBXFileReference; lastKnownFileType = wrapper.xcdatamodel; path = DataModel.xcdatamodel; sourceTree = "<group>"; };
		DD50977427C3B82A00677078 /* TODOArt.app */ = {isa = PBXFileReference; explicitFileType = wrapper.application; includeInIndex = 0; path = TODOArt.app; sourceTree = BUILT_PRODUCTS_DIR; };
		DD50977727C3B82A00677078 /* AppDelegate.swift */ = {isa = PBXFileReference; lastKnownFileType = sourcecode.swift; path = AppDelegate.swift; sourceTree = "<group>"; };
		DD50977927C3B82A00677078 /* SceneDelegate.swift */ = {isa = PBXFileReference; lastKnownFileType = sourcecode.swift; path = SceneDelegate.swift; sourceTree = "<group>"; };
		DD50977B27C3B82A00677078 /* ToDoListViewController.swift */ = {isa = PBXFileReference; lastKnownFileType = sourcecode.swift; path = ToDoListViewController.swift; sourceTree = "<group>"; };
		DD50977E27C3B82A00677078 /* Base */ = {isa = PBXFileReference; lastKnownFileType = file.storyboard; name = Base; path = Base.lproj/Main.storyboard; sourceTree = "<group>"; };
		DD50978027C3B82B00677078 /* Assets.xcassets */ = {isa = PBXFileReference; lastKnownFileType = folder.assetcatalog; path = Assets.xcassets; sourceTree = "<group>"; };
		DD50978327C3B82B00677078 /* Base */ = {isa = PBXFileReference; lastKnownFileType = file.storyboard; name = Base; path = Base.lproj/LaunchScreen.storyboard; sourceTree = "<group>"; };
		DD50978527C3B82B00677078 /* Info.plist */ = {isa = PBXFileReference; lastKnownFileType = text.plist.xml; path = Info.plist; sourceTree = "<group>"; };
/* End PBXFileReference section */

/* Begin PBXFrameworksBuildPhase section */
		DD50977127C3B82A00677078 /* Frameworks */ = {
			isa = PBXFrameworksBuildPhase;
			buildActionMask = 2147483647;
			files = (
			);
			runOnlyForDeploymentPostprocessing = 0;
		};
/* End PBXFrameworksBuildPhase section */

/* Begin PBXGroup section */
		DD50976B27C3B82A00677078 = {
			isa = PBXGroup;
			children = (
				DD50977627C3B82A00677078 /* TODOArt */,
				DD50977527C3B82A00677078 /* Products */,
			);
			sourceTree = "<group>";
		};
		DD50977527C3B82A00677078 /* Products */ = {
			isa = PBXGroup;
			children = (
				DD50977427C3B82A00677078 /* TODOArt.app */,
			);
			name = Products;
			sourceTree = "<group>";
		};
		DD50977627C3B82A00677078 /* TODOArt */ = {
			isa = PBXGroup;
			children = (
				DD50977727C3B82A00677078 /* AppDelegate.swift */,
				DD50977927C3B82A00677078 /* SceneDelegate.swift */,
				DD67221F289D1D9A00FEEFC4 /* Controllers */,
				DD67221E289D1D6A00FEEFC4 /* Data Model */,
				DD672220289D1DB800FEEFC4 /* Views */,
				DD672221289D1DF500FEEFC4 /* Supporting Files */,
				DD50978527C3B82B00677078 /* Info.plist */,
			);
			path = TODOArt;
			sourceTree = "<group>";
		};
		DD67221E289D1D6A00FEEFC4 /* Data Model */ = {
			isa = PBXGroup;
			children = (
				DD0A0EEB28A1427000E46E3D /* DataModel.xcdatamodeld */,
			);
			path = "Data Model";
			sourceTree = "<group>";
		};
		DD67221F289D1D9A00FEEFC4 /* Controllers */ = {
			isa = PBXGroup;
			children = (
				DD50977B27C3B82A00677078 /* ToDoListViewController.swift */,
			);
			path = Controllers;
			sourceTree = "<group>";
		};
		DD672220289D1DB800FEEFC4 /* Views */ = {
			isa = PBXGroup;
			children = (
				DD50977D27C3B82A00677078 /* Main.storyboard */,
			);
			path = Views;
			sourceTree = "<group>";
		};
		DD672221289D1DF500FEEFC4 /* Supporting Files */ = {
			isa = PBXGroup;
			children = (
				DD50978027C3B82B00677078 /* Assets.xcassets */,
				DD50978227C3B82B00677078 /* LaunchScreen.storyboard */,
			);
			path = "Supporting Files";
			sourceTree = "<group>";
		};
/* End PBXGroup section */

/* Begin PBXNativeTarget section */
		DD50977327C3B82A00677078 /* TODOArt */ = {
			isa = PBXNativeTarget;
			buildConfigurationList = DD50978827C3B82B00677078 /* Build configuration list for PBXNativeTarget "TODOArt" */;
			buildPhases = (
				DD50977027C3B82A00677078 /* Sources */,
				DD50977127C3B82A00677078 /* Frameworks */,
				DD50977227C3B82A00677078 /* Resources */,
			);
			buildRules = (
			);
			dependencies = (
			);
			name = TODOArt;
			productName = TODOArt;
			productReference = DD50977427C3B82A00677078 /* TODOArt.app */;
			productType = "com.apple.product-type.application";
		};
/* End PBXNativeTarget section */

/* Begin PBXProject section */
		DD50976C27C3B82A00677078 /* Project object */ = {
			isa = PBXProject;
			attributes = {
				LastSwiftUpdateCheck = 1250;
				LastUpgradeCheck = 1250;
				TargetAttributes = {
					DD50977327C3B82A00677078 = {
						CreatedOnToolsVersion = 12.5.1;
					};
				};
			};
			buildConfigurationList = DD50976F27C3B82A00677078 /* Build configuration list for PBXProject "TODOArt" */;
			compatibilityVersion = "Xcode 9.3";
			developmentRegion = en;
			hasScannedForEncodings = 0;
			knownRegions = (
				en,
				Base,
			);
			mainGroup = DD50976B27C3B82A00677078;
			productRefGroup = DD50977527C3B82A00677078 /* Products */;
			projectDirPath = "";
			projectRoot = "";
			targets = (
				DD50977327C3B82A00677078 /* TODOArt */,
			);
		};
/* End PBXProject section */

/* Begin PBXResourcesBuildPhase section */
		DD50977227C3B82A00677078 /* Resources */ = {
			isa = PBXResourcesBuildPhase;
			buildActionMask = 2147483647;
			files = (
				DD50978427C3B82B00677078 /* LaunchScreen.storyboard in Resources */,
				DD50978127C3B82B00677078 /* Assets.xcassets in Resources */,
				DD50977F27C3B82A00677078 /* Main.storyboard in Resources */,
			);
			runOnlyForDeploymentPostprocessing = 0;
		};
/* End PBXResourcesBuildPhase section */

/* Begin PBXSourcesBuildPhase section */
		DD50977027C3B82A00677078 /* Sources */ = {
			isa = PBXSourcesBuildPhase;
			buildActionMask = 2147483647;
			files = (
				DD0A0EED28A1427000E46E3D /* DataModel.xcdatamodeld in Sources */,
				DD50977C27C3B82A00677078 /* ToDoListViewController.swift in Sources */,
				DD50977827C3B82A00677078 /* AppDelegate.swift in Sources */,
				DD50977A27C3B82A00677078 /* SceneDelegate.swift in Sources */,
			);
			runOnlyForDeploymentPostprocessing = 0;
		};
/* End PBXSourcesBuildPhase section */

/* Begin PBXVariantGroup section */
		DD50977D27C3B82A00677078 /* Main.storyboard */ = {
			isa = PBXVariantGroup;
			children = (
				DD50977E27C3B82A00677078 /* Base */,
			);
			name = Main.storyboard;
			sourceTree = "<group>";
		};
		DD50978227C3B82B00677078 /* LaunchScreen.storyboard */ = {
			isa = PBXVariantGroup;
			children = (
				DD50978327C3B82B00677078 /* Base */,
			);
			name = LaunchScreen.storyboard;
			sourceTree = "<group>";
		};
/* End PBXVariantGroup section */

/* Begin XCBuildConfiguration section */
		DD50978627C3B82B00677078 /* Debug */ = {
			isa = XCBuildConfiguration;
			buildSettings = {
				ALWAYS_SEARCH_USER_PATHS = NO;
				CLANG_ANALYZER_NONNULL = YES;
				CLANG_ANALYZER_NUMBER_OBJECT_CONVERSION = YES_AGGRESSIVE;
				CLANG_CXX_LANGUAGE_STANDARD = "gnu++14";
				CLANG_CXX_LIBRARY = "libc++";
				CLANG_ENABLE_MODULES = YES;
				CLANG_ENABLE_OBJC_ARC = YES;
				CLANG_ENABLE_OBJC_WEAK = YES;
				CLANG_WARN_BLOCK_CAPTURE_AUTORELEASING = YES;
				CLANG_WARN_BOOL_CONVERSION = YES;
				CLANG_WARN_COMMA = YES;
				CLANG_WARN_CONSTANT_CONVERSION = YES;
				CLANG_WARN_DEPRECATED_OBJC_IMPLEMENTATIONS = YES;
				CLANG_WARN_DIRECT_OBJC_ISA_USAGE = YES_ERROR;
				CLANG_WARN_DOCUMENTATION_COMMENTS = YES;
				CLANG_WARN_EMPTY_BODY = YES;
				CLANG_WARN_ENUM_CONVERSION = YES;
				CLANG_WARN_INFINITE_RECURSION = YES;
				CLANG_WARN_INT_CONVERSION = YES;
				CLANG_WARN_NON_LITERAL_NULL_CONVERSION = YES;
				CLANG_WARN_OBJC_IMPLICIT_RETAIN_SELF = YES;
				CLANG_WARN_OBJC_LITERAL_CONVERSION = YES;
				CLANG_WARN_OBJC_ROOT_CLASS = YES_ERROR;
				CLANG_WARN_QUOTED_INCLUDE_IN_FRAMEWORK_HEADER = YES;
				CLANG_WARN_RANGE_LOOP_ANALYSIS = YES;
				CLANG_WARN_STRICT_PROTOTYPES = YES;
				CLANG_WARN_SUSPICIOUS_MOVE = YES;
				CLANG_WARN_UNGUARDED_AVAILABILITY = YES_AGGRESSIVE;
				CLANG_WARN_UNREACHABLE_CODE = YES;
				CLANG_WARN__DUPLICATE_METHOD_MATCH = YES;
				COPY_PHASE_STRIP = NO;
				DEBUG_INFORMATION_FORMAT = dwarf;
				ENABLE_STRICT_OBJC_MSGSEND = YES;
				ENABLE_TESTABILITY = YES;
				GCC_C_LANGUAGE_STANDARD = gnu11;
				GCC_DYNAMIC_NO_PIC = NO;
				GCC_NO_COMMON_BLOCKS = YES;
				GCC_OPTIMIZATION_LEVEL = 0;
				GCC_PREPROCESSOR_DEFINITIONS = (
					"DEBUG=1",
					"$(inherited)",
				);
				GCC_WARN_64_TO_32_BIT_CONVERSION = YES;
				GCC_WARN_ABOUT_RETURN_TYPE = YES_ERROR;
				GCC_WARN_UNDECLARED_SELECTOR = YES;
				GCC_WARN_UNINITIALIZED_AUTOS = YES_AGGRESSIVE;
				GCC_WARN_UNUSED_FUNCTION = YES;
				GCC_WARN_UNUSED_VARIABLE = YES;
				IPHONEOS_DEPLOYMENT_TARGET = 14.5;
				MTL_ENABLE_DEBUG_INFO = INCLUDE_SOURCE;
				MTL_FAST_MATH = YES;
				ONLY_ACTIVE_ARCH = YES;
				SDKROOT = iphoneos;
				SWIFT_ACTIVE_COMPILATION_CONDITIONS = DEBUG;
				SWIFT_OPTIMIZATION_LEVEL = "-Onone";
			};
			name = Debug;
		};
		DD50978727C3B82B00677078 /* Release */ = {
			isa = XCBuildConfiguration;
			buildSettings = {
				ALWAYS_SEARCH_USER_PATHS = NO;
				CLANG_ANALYZER_NONNULL = YES;
				CLANG_ANALYZER_NUMBER_OBJECT_CONVERSION = YES_AGGRESSIVE;
				CLANG_CXX_LANGUAGE_STANDARD = "gnu++14";
				CLANG_CXX_LIBRARY = "libc++";
				CLANG_ENABLE_MODULES = YES;
				CLANG_ENABLE_OBJC_ARC = YES;
				CLANG_ENABLE_OBJC_WEAK = YES;
				CLANG_WARN_BLOCK_CAPTURE_AUTORELEASING = YES;
				CLANG_WARN_BOOL_CONVERSION = YES;
				CLANG_WARN_COMMA = YES;
				CLANG_WARN_CONSTANT_CONVERSION = YES;
				CLANG_WARN_DEPRECATED_OBJC_IMPLEMENTATIONS = YES;
				CLANG_WARN_DIRECT_OBJC_ISA_USAGE = YES_ERROR;
				CLANG_WARN_DOCUMENTATION_COMMENTS = YES;
				CLANG_WARN_EMPTY_BODY = YES;
				CLANG_WARN_ENUM_CONVERSION = YES;
				CLANG_WARN_INFINITE_RECURSION = YES;
				CLANG_WARN_INT_CONVERSION = YES;
				CLANG_WARN_NON_LITERAL_NULL_CONVERSION = YES;
				CLANG_WARN_OBJC_IMPLICIT_RETAIN_SELF = YES;
				CLANG_WARN_OBJC_LITERAL_CONVERSION = YES;
				CLANG_WARN_OBJC_ROOT_CLASS = YES_ERROR;
				CLANG_WARN_QUOTED_INCLUDE_IN_FRAMEWORK_HEADER = YES;
				CLANG_WARN_RANGE_LOOP_ANALYSIS = YES;
				CLANG_WARN_STRICT_PROTOTYPES = YES;
				CLANG_WARN_SUSPICIOUS_MOVE = YES;
				CLANG_WARN_UNGUARDED_AVAILABILITY = YES_AGGRESSIVE;
				CLANG_WARN_UNREACHABLE_CODE = YES;
				CLANG_WARN__DUPLICATE_METHOD_MATCH = YES;
				COPY_PHASE_STRIP = NO;
				DEBUG_INFORMATION_FORMAT = "dwarf-with-dsym";
				ENABLE_NS_ASSERTIONS = NO;
				ENABLE_STRICT_OBJC_MSGSEND = YES;
				GCC_C_LANGUAGE_STANDARD = gnu11;
				GCC_NO_COMMON_BLOCKS = YES;
				GCC_WARN_64_TO_32_BIT_CONVERSION = YES;
				GCC_WARN_ABOUT_RETURN_TYPE = YES_ERROR;
				GCC_WARN_UNDECLARED_SELECTOR = YES;
				GCC_WARN_UNINITIALIZED_AUTOS = YES_AGGRESSIVE;
				GCC_WARN_UNUSED_FUNCTION = YES;
				GCC_WARN_UNUSED_VARIABLE = YES;
				IPHONEOS_DEPLOYMENT_TARGET = 14.5;
				MTL_ENABLE_DEBUG_INFO = NO;
				MTL_FAST_MATH = YES;
				SDKROOT = iphoneos;
				SWIFT_COMPILATION_MODE = wholemodule;
				SWIFT_OPTIMIZATION_LEVEL = "-O";
				VALIDATE_PRODUCT = YES;
			};
			name = Release;
		};
		DD50978927C3B82B00677078 /* Debug */ = {
			isa = XCBuildConfiguration;
			buildSettings = {
				ASSETCATALOG_COMPILER_APPICON_NAME = AppIcon;
				ASSETCATALOG_COMPILER_GLOBAL_ACCENT_COLOR_NAME = AccentColor;
				CODE_SIGN_STYLE = Automatic;
				DEVELOPMENT_TEAM = F5T2KNU2K8;
				INFOPLIST_FILE = TODOArt/Info.plist;
				LD_RUNPATH_SEARCH_PATHS = (
					"$(inherited)",
					"@executable_path/Frameworks",
				);
				PRODUCT_BUNDLE_IDENTIFIER = com.androsenkoartem.TODOArt;
				PRODUCT_NAME = "$(TARGET_NAME)";
				SWIFT_VERSION = 5.0;
				TARGETED_DEVICE_FAMILY = "1,2";
			};
			name = Debug;
		};
		DD50978A27C3B82B00677078 /* Release */ = {
			isa = XCBuildConfiguration;
			buildSettings = {
				ASSETCATALOG_COMPILER_APPICON_NAME = AppIcon;
				ASSETCATALOG_COMPILER_GLOBAL_ACCENT_COLOR_NAME = AccentColor;
				CODE_SIGN_STYLE = Automatic;
				DEVELOPMENT_TEAM = F5T2KNU2K8;
				INFOPLIST_FILE = TODOArt/Info.plist;
				LD_RUNPATH_SEARCH_PATHS = (
					"$(inherited)",
					"@executable_path/Frameworks",
				);
				PRODUCT_BUNDLE_IDENTIFIER = com.androsenkoartem.TODOArt;
				PRODUCT_NAME = "$(TARGET_NAME)";
				SWIFT_VERSION = 5.0;
				TARGETED_DEVICE_FAMILY = "1,2";
			};
			name = Release;
		};
/* End XCBuildConfiguration section */

/* Begin XCConfigurationList section */
		DD50976F27C3B82A00677078 /* Build configuration list for PBXProject "TODOArt" */ = {
			isa = XCConfigurationList;
			buildConfigurations = (
				DD50978627C3B82B00677078 /* Debug */,
				DD50978727C3B82B00677078 /* Release */,
			);
			defaultConfigurationIsVisible = 0;
			defaultConfigurationName = Release;
		};
		DD50978827C3B82B00677078 /* Build configuration list for PBXNativeTarget "TODOArt" */ = {
			isa = XCConfigurationList;
			buildConfigurations = (
				DD50978927C3B82B00677078 /* Debug */,
				DD50978A27C3B82B00677078 /* Release */,
			);
			defaultConfigurationIsVisible = 0;
			defaultConfigurationName = Release;
		};
/* End XCConfigurationList section */

/* Begin XCVersionGroup section */
		DD0A0EEB28A1427000E46E3D /* DataModel.xcdatamodeld */ = {
			isa = XCVersionGroup;
			children = (
				DD0A0EEC28A1427000E46E3D /* DataModel.xcdatamodel */,
			);
			currentVersion = DD0A0EEC28A1427000E46E3D /* DataModel.xcdatamodel */;
			path = DataModel.xcdatamodeld;
			sourceTree = "<group>";
			versionGroupType = wrapper.xcdatamodel;
		};
/* End XCVersionGroup section */
	};
	rootObject = DD50976C27C3B82A00677078 /* Project object */;
}
